
Microsoft Visual Studio Solution File, Format Version 12.00
# Visual Studio Version 17
VisualStudioVersion = 17.6.33723.286
MinimumVisualStudioVersion = 10.0.40219.1
Project("{FAE04EC0-301F-11D3-BF4B-00C04F79EFBC}") = "PokemonReviewApp", "PokemonReviewApp\PokemonReviewApp.csproj", "{80C80338-EEFD-4E1A-A38B-E3DFD1371260}"
EndProject
Global
	GlobalSection(SolutionConfigurationPlatforms) = preSolution
		Debug|Any CPU = Debug|Any CPU
		Release|Any CPU = Release|Any CPU
	EndGlobalSection
	GlobalSection(ProjectConfigurationPlatforms) = postSolution
		{80C80338-EEFD-4E1A-A38B-E3DFD1371260}.Debug|Any CPU.ActiveCfg = Debug|Any CPU
		{80C80338-EEFD-4E1A-A38B-E3DFD1371260}.Debug|Any CPU.Build.0 = Debug|Any CPU
		{80C80338-EEFD-4E1A-A38B-E3DFD1371260}.Release|Any CPU.ActiveCfg = Release|Any CPU
		{80C80338-EEFD-4E1A-A38B-E3DFD1371260}.Release|Any CPU.Build.0 = Release|Any CPU
	EndGlobalSection
	GlobalSection(SolutionProperties) = preSolution
		HideSolutionNode = FALSE
	EndGlobalSection
	GlobalSection(ExtensibilityGlobals) = postSolution
		SolutionGuid = {0BE5216A-89EF-4F6F-B9B4-73EBF4D58EAE}
	EndGlobalSection
EndGlobal
